// !$*UTF8*$!
{
	archiveVersion = 1;
	classes = {
	};
	objectVersion = 46;
	objects = {

/* Begin PBXBuildFile section */
		DC5B284D1B89846B00CE468B /* ScreenSample.m in Sources */ = {isa = PBXBuildFile; fileRef = DC5B284C1B89846B00CE468B /* ScreenSample.m */; };
		DC5B28511B898EA200CE468B /* main.cpp in Sources */ = {isa = PBXBuildFile; fileRef = DC5B28501B898EA200CE468B /* main.cpp */; };
/* End PBXBuildFile section */

/* Begin PBXCopyFilesBuildPhase section */
		DC5B28401B89298500CE468B /* CopyFiles */ = {
			isa = PBXCopyFilesBuildPhase;
			buildActionMask = 2147483647;
			dstPath = /usr/share/man/man1/;
			dstSubfolderSpec = 0;
			files = (
			);
			runOnlyForDeploymentPostprocessing = 1;
		};
/* End PBXCopyFilesBuildPhase section */

/* Begin PBXFileReference section */
		DC5B28421B89298600CE468B /* ScreenSampleServ */ = {isa = PBXFileReference; explicitFileType = "compiled.mach-o.executable"; includeInIndex = 0; path = ScreenSampleServ; sourceTree = BUILT_PRODUCTS_DIR; };
		DC5B284C1B89846B00CE468B /* ScreenSample.m */ = {isa = PBXFileReference; fileEncoding = 4; lastKnownFileType = sourcecode.c.objc; path = ScreenSample.m; sourceTree = "<group>"; };
		DC5B284E1B8986E200CE468B /* ScreenSample.h */ = {isa = PBXFileReference; fileEncoding = 4; lastKnownFileType = sourcecode.c.h; path = ScreenSample.h; sourceTree = "<group>"; };
		DC5B284F1B898DDE00CE468B /* opc_client.h */ = {isa = PBXFileReference; lastKnownFileType = sourcecode.c.h; path = opc_client.h; sourceTree = "<group>"; };
		DC5B28501B898EA200CE468B /* main.cpp */ = {isa = PBXFileReference; fileEncoding = 4; lastKnownFileType = sourcecode.cpp.cpp; path = main.cpp; sourceTree = "<group>"; };
/* End PBXFileReference section */

/* Begin PBXFrameworksBuildPhase section */
		DC5B283F1B89298500CE468B /* Frameworks */ = {
			isa = PBXFrameworksBuildPhase;
			buildActionMask = 2147483647;
			files = (
			);
			runOnlyForDeploymentPostprocessing = 0;
		};
/* End PBXFrameworksBuildPhase section */

/* Begin PBXGroup section */
		DC5B28391B89298500CE468B = {
			isa = PBXGroup;
			children = (
				DC5B28441B89298600CE468B /* ScreenSampleServ */,
				DC5B28431B89298600CE468B /* Products */,
			);
			sourceTree = "<group>";
		};
		DC5B28431B89298600CE468B /* Products */ = {
			isa = PBXGroup;
			children = (
				DC5B28421B89298600CE468B /* ScreenSampleServ */,
			);
			name = Products;
			sourceTree = "<group>";
		};
		DC5B28441B89298600CE468B /* ScreenSampleServ */ = {
			isa = PBXGroup;
			children = (
				DC5B284C1B89846B00CE468B /* ScreenSample.m */,
				DC5B284E1B8986E200CE468B /* ScreenSample.h */,
				DC5B284F1B898DDE00CE468B /* opc_client.h */,
				DC5B28501B898EA200CE468B /* main.cpp */,
			);
			path = ScreenSampleServ;
			sourceTree = "<group>";
		};
/* End PBXGroup section */

/* Begin PBXNativeTarget section */
		DC5B28411B89298500CE468B /* ScreenSampleServ */ = {
			isa = PBXNativeTarget;
			buildConfigurationList = DC5B28491B89298600CE468B /* Build configuration list for PBXNativeTarget "ScreenSampleServ" */;
			buildPhases = (
				DC5B283E1B89298500CE468B /* Sources */,
				DC5B283F1B89298500CE468B /* Frameworks */,
				DC5B28401B89298500CE468B /* CopyFiles */,
			);
			buildRules = (
			);
			dependencies = (
			);
			name = ScreenSampleServ;
			productName = ScreenSampleServ;
			productReference = DC5B28421B89298600CE468B /* ScreenSampleServ */;
			productType = "com.apple.product-type.tool";
		};
/* End PBXNativeTarget section */

/* Begin PBXProject section */
		DC5B283A1B89298500CE468B /* Project object */ = {
			isa = PBXProject;
			attributes = {
				LastUpgradeCheck = 0640;
				ORGANIZATIONNAME = "Levi Schuck";
				TargetAttributes = {
					DC5B28411B89298500CE468B = {
						CreatedOnToolsVersion = 6.4;
					};
				};
			};
			buildConfigurationList = DC5B283D1B89298500CE468B /* Build configuration list for PBXProject "ScreenSampleServ" */;
			compatibilityVersion = "Xcode 3.2";
			developmentRegion = English;
			hasScannedForEncodings = 0;
			knownRegions = (
				en,
			);
			mainGroup = DC5B28391B89298500CE468B;
			productRefGroup = DC5B28431B89298600CE468B /* Products */;
			projectDirPath = "";
			projectRoot = "";
			targets = (
				DC5B28411B89298500CE468B /* ScreenSampleServ */,
			);
		};
/* End PBXProject section */

/* Begin PBXSourcesBuildPhase section */
		DC5B283E1B89298500CE468B /* Sources */ = {
			isa = PBXSourcesBuildPhase;
			buildActionMask = 2147483647;
			files = (
				DC5B28511B898EA200CE468B /* main.cpp in Sources */,
				DC5B284D1B89846B00CE468B /* ScreenSample.m in Sources */,
			);
			runOnlyForDeploymentPostprocessing = 0;
		};
/* End PBXSourcesBuildPhase section */

/* Begin XCBuildConfiguration section */
		DC5B28471B89298600CE468B /* Debug */ = {
			isa = XCBuildConfiguration;
			buildSettings = {
				ALWAYS_SEARCH_USER_PATHS = NO;
				CLANG_CXX_LANGUAGE_STANDARD = "gnu++0x";
				CLANG_CXX_LIBRARY = "libc++";
				CLANG_ENABLE_MODULES = YES;
				CLANG_ENABLE_OBJC_ARC = YES;
				CLANG_WARN_BOOL_CONVERSION = YES;
				CLANG_WARN_CONSTANT_CONVERSION = YES;
				CLANG_WARN_DIRECT_OBJC_ISA_USAGE = YES_ERROR;
				CLANG_WARN_EMPTY_BODY = YES;
				CLANG_WARN_ENUM_CONVERSION = YES;
				CLANG_WARN_INT_CONVERSION = YES;
				CLANG_WARN_OBJC_ROOT_CLASS = YES_ERROR;
				CLANG_WARN_UNREACHABLE_CODE = YES;
				CLANG_WARN__DUPLICATE_METHOD_MATCH = YES;
				COPY_PHASE_STRIP = NO;
				DEBUG_INFORMATION_FORMAT = dwarf;
				ENABLE_STRICT_OBJC_MSGSEND = YES;
				GCC_C_LANGUAGE_STANDARD = gnu99;
				GCC_DYNAMIC_NO_PIC = NO;
				GCC_NO_COMMON_BLOCKS = YES;
				GCC_OPTIMIZATION_LEVEL = 0;
				GCC_PREPROCESSOR_DEFINITIONS = (
					"DEBUG=1",
					"$(inherited)",
				);
				GCC_SYMBOLS_PRIVATE_EXTERN = NO;
				GCC_WARN_64_TO_32_BIT_CONVERSION = YES;
				GCC_WARN_ABOUT_RETURN_TYPE = YES_ERROR;
				GCC_WARN_UNDECLARED_SELECTOR = YES;
				GCC_WARN_UNINITIALIZED_AUTOS = YES_AGGRESSIVE;
				GCC_WARN_UNUSED_FUNCTION = YES;
				GCC_WARN_UNUSED_VARIABLE = YES;
				MACOSX_DEPLOYMENT_TARGET = 10.10;
				MTL_ENABLE_DEBUG_INFO = YES;
				ONLY_ACTIVE_ARCH = YES;
				SDKROOT = macosx;
			};
			name = Debug;
		};
		DC5B28481B89298600CE468B /* Release */ = {
			isa = XCBuildConfiguration;
			buildSettings = {
				ALWAYS_SEARCH_USER_PATHS = NO;
				CLANG_CXX_LANGUAGE_STANDARD = "gnu++0x";
				CLANG_CXX_LIBRARY = "libc++";
				CLANG_ENABLE_MODULES = YES;
				CLANG_ENABLE_OBJC_ARC = YES;
				CLANG_WARN_BOOL_CONVERSION = YES;
				CLANG_WARN_CONSTANT_CONVERSION = YES;
				CLANG_WARN_DIRECT_OBJC_ISA_USAGE = YES_ERROR;
				CLANG_WARN_EMPTY_BODY = YES;
				CLANG_WARN_ENUM_CONVERSION = YES;
				CLANG_WARN_INT_CONVERSION = YES;
				CLANG_WARN_OBJC_ROOT_CLASS = YES_ERROR;
				CLANG_WARN_UNREACHABLE_CODE = YES;
				CLANG_WARN__DUPLICATE_METHOD_MATCH = YES;
				COPY_PHASE_STRIP = NO;
				DEBUG_INFORMATION_FORMAT = "dwarf-with-dsym";
				ENABLE_NS_ASSERTIONS = NO;
				ENABLE_STRICT_OBJC_MSGSEND = YES;
				GCC_C_LANGUAGE_STANDARD = gnu99;
				GCC_NO_COMMON_BLOCKS = YES;
				GCC_WARN_64_TO_32_BIT_CONVERSION = YES;
				GCC_WARN_ABOUT_RETURN_TYPE = YES_ERROR;
				GCC_WARN_UNDECLARED_SELECTOR = YES;
				GCC_WARN_UNINITIALIZED_AUTOS = YES_AGGRESSIVE;
				GCC_WARN_UNUSED_FUNCTION = YES;
				GCC_WARN_UNUSED_VARIABLE = YES;
				MACOSX_DEPLOYMENT_TARGET = 10.10;
				MTL_ENABLE_DEBUG_INFO = NO;
				SDKROOT = macosx;
			};
			name = Release;
		};
		DC5B284A1B89298600CE468B /* Debug */ = {
			isa = XCBuildConfiguration;
			buildSettings = {
				PRODUCT_NAME = "$(TARGET_NAME)";
			};
			name = Debug;
		};
		DC5B284B1B89298600CE468B /* Release */ = {
			isa = XCBuildConfiguration;
			buildSettings = {
				PRODUCT_NAME = "$(TARGET_NAME)";
			};
			name = Release;
		};
/* End XCBuildConfiguration section */

/* Begin XCConfigurationList section */
		DC5B283D1B89298500CE468B /* Build configuration list for PBXProject "ScreenSampleServ" */ = {
			isa = XCConfigurationList;
			buildConfigurations = (
				DC5B28471B89298600CE468B /* Debug */,
				DC5B28481B89298600CE468B /* Release */,
			);
			defaultConfigurationIsVisible = 0;
			defaultConfigurationName = Release;
		};
		DC5B28491B89298600CE468B /* Build configuration list for PBXNativeTarget "ScreenSampleServ" */ = {
			isa = XCConfigurationList;
			buildConfigurations = (
				DC5B284A1B89298600CE468B /* Debug */,
				DC5B284B1B89298600CE468B /* Release */,
			);
			defaultConfigurationIsVisible = 0;
		};
/* End XCConfigurationList section */
	};
	rootObject = DC5B283A1B89298500CE468B /* Project object */;
}
